// !$*UTF8*$!
{
	archiveVersion = 1;
	classes = {
	};
	objectVersion = 46;
	objects = {

/* Begin PBXBuildFile section */
		808E8D7C1E171C75000C1AA6 /* task.swift in Sources */ = {isa = PBXBuildFile; fileRef = 808E8D7B1E171C75000C1AA6 /* task.swift */; };
		808E8D7E1E172D65000C1AA6 /* CreateTaskViewController.swift in Sources */ = {isa = PBXBuildFile; fileRef = 808E8D7D1E172D65000C1AA6 /* CreateTaskViewController.swift */; };
		80B328A41E0B5A9B001B66AE /* AppDelegate.swift in Sources */ = {isa = PBXBuildFile; fileRef = 80B328A31E0B5A9B001B66AE /* AppDelegate.swift */; };
		80B328A61E0B5A9B001B66AE /* ViewController.swift in Sources */ = {isa = PBXBuildFile; fileRef = 80B328A51E0B5A9B001B66AE /* ViewController.swift */; };
		80B328A91E0B5A9B001B66AE /* Main.storyboard in Resources */ = {isa = PBXBuildFile; fileRef = 80B328A71E0B5A9B001B66AE /* Main.storyboard */; };
		80B328AC1E0B5A9B001B66AE /* Doit.xcdatamodeld in Sources */ = {isa = PBXBuildFile; fileRef = 80B328AA1E0B5A9B001B66AE /* Doit.xcdatamodeld */; };
		80B328AE1E0B5A9B001B66AE /* Assets.xcassets in Resources */ = {isa = PBXBuildFile; fileRef = 80B328AD1E0B5A9B001B66AE /* Assets.xcassets */; };
		80B328B11E0B5A9B001B66AE /* LaunchScreen.storyboard in Resources */ = {isa = PBXBuildFile; fileRef = 80B328AF1E0B5A9B001B66AE /* LaunchScreen.storyboard */; };
/* End PBXBuildFile section */

/* Begin PBXFileReference section */
		808E8D7B1E171C75000C1AA6 /* task.swift */ = {isa = PBXFileReference; fileEncoding = 4; lastKnownFileType = sourcecode.swift; path = task.swift; sourceTree = "<group>"; };
		808E8D7D1E172D65000C1AA6 /* CreateTaskViewController.swift */ = {isa = PBXFileReference; fileEncoding = 4; lastKnownFileType = sourcecode.swift; path = CreateTaskViewController.swift; sourceTree = "<group>"; };
		80B328A01E0B5A9B001B66AE /* Doit.app */ = {isa = PBXFileReference; explicitFileType = wrapper.application; includeInIndex = 0; path = Doit.app; sourceTree = BUILT_PRODUCTS_DIR; };
		80B328A31E0B5A9B001B66AE /* AppDelegate.swift */ = {isa = PBXFileReference; lastKnownFileType = sourcecode.swift; path = AppDelegate.swift; sourceTree = "<group>"; };
		80B328A51E0B5A9B001B66AE /* ViewController.swift */ = {isa = PBXFileReference; lastKnownFileType = sourcecode.swift; path = ViewController.swift; sourceTree = "<group>"; };
		80B328A81E0B5A9B001B66AE /* Base */ = {isa = PBXFileReference; lastKnownFileType = file.storyboard; name = Base; path = Base.lproj/Main.storyboard; sourceTree = "<group>"; };
		80B328AB1E0B5A9B001B66AE /* Doit.xcdatamodel */ = {isa = PBXFileReference; lastKnownFileType = wrapper.xcdatamodel; path = Doit.xcdatamodel; sourceTree = "<group>"; };
		80B328AD1E0B5A9B001B66AE /* Assets.xcassets */ = {isa = PBXFileReference; lastKnownFileType = folder.assetcatalog; path = Assets.xcassets; sourceTree = "<group>"; };
		80B328B01E0B5A9B001B66AE /* Base */ = {isa = PBXFileReference; lastKnownFileType = file.storyboard; name = Base; path = Base.lproj/LaunchScreen.storyboard; sourceTree = "<group>"; };
		80B328B21E0B5A9B001B66AE /* Info.plist */ = {isa = PBXFileReference; lastKnownFileType = text.plist.xml; path = Info.plist; sourceTree = "<group>"; };
/* End PBXFileReference section */

/* Begin PBXFrameworksBuildPhase section */
		80B3289D1E0B5A9B001B66AE /* Frameworks */ = {
			isa = PBXFrameworksBuildPhase;
			buildActionMask = 2147483647;
			files = (
			);
			runOnlyForDeploymentPostprocessing = 0;
		};
/* End PBXFrameworksBuildPhase section */

/* Begin PBXGroup section */
		80B328971E0B5A9B001B66AE = {
			isa = PBXGroup;
			children = (
				80B328A21E0B5A9B001B66AE /* Doit */,
				80B328A11E0B5A9B001B66AE /* Products */,
			);
			sourceTree = "<group>";
		};
		80B328A11E0B5A9B001B66AE /* Products */ = {
			isa = PBXGroup;
			children = (
				80B328A01E0B5A9B001B66AE /* Doit.app */,
			);
			name = Products;
			sourceTree = "<group>";
		};
		80B328A21E0B5A9B001B66AE /* Doit */ = {
			isa = PBXGroup;
			children = (
				80B328A31E0B5A9B001B66AE /* AppDelegate.swift */,
				80B328A51E0B5A9B001B66AE /* ViewController.swift */,
				80B328A71E0B5A9B001B66AE /* Main.storyboard */,
				808E8D7B1E171C75000C1AA6 /* task.swift */,
				80B328AD1E0B5A9B001B66AE /* Assets.xcassets */,
				80B328AF1E0B5A9B001B66AE /* LaunchScreen.storyboard */,
				80B328B21E0B5A9B001B66AE /* Info.plist */,
				80B328AA1E0B5A9B001B66AE /* Doit.xcdatamodeld */,
				808E8D7D1E172D65000C1AA6 /* CreateTaskViewController.swift */,
			);
			path = Doit;
			sourceTree = "<group>";
		};
/* End PBXGroup section */

/* Begin PBXNativeTarget section */
		80B3289F1E0B5A9B001B66AE /* Doit */ = {
			isa = PBXNativeTarget;
			buildConfigurationList = 80B328B51E0B5A9B001B66AE /* Build configuration list for PBXNativeTarget "Doit" */;
			buildPhases = (
				80B3289C1E0B5A9B001B66AE /* Sources */,
				80B3289D1E0B5A9B001B66AE /* Frameworks */,
				80B3289E1E0B5A9B001B66AE /* Resources */,
			);
			buildRules = (
			);
			dependencies = (
			);
			name = Doit;
			productName = Doit;
			productReference = 80B328A01E0B5A9B001B66AE /* Doit.app */;
			productType = "com.apple.product-type.application";
		};
/* End PBXNativeTarget section */

/* Begin PBXProject section */
		80B328981E0B5A9B001B66AE /* Project object */ = {
			isa = PBXProject;
			attributes = {
				LastSwiftUpdateCheck = 0810;
				LastUpgradeCheck = 0810;
				ORGANIZATIONNAME = "Mark Krawczuk";
				TargetAttributes = {
					80B3289F1E0B5A9B001B66AE = {
						CreatedOnToolsVersion = 8.1;
						ProvisioningStyle = Automatic;
					};
				};
			};
			buildConfigurationList = 80B3289B1E0B5A9B001B66AE /* Build configuration list for PBXProject "Doit" */;
			compatibilityVersion = "Xcode 3.2";
			developmentRegion = English;
			hasScannedForEncodings = 0;
			knownRegions = (
				en,
				Base,
			);
			mainGroup = 80B328971E0B5A9B001B66AE;
			productRefGroup = 80B328A11E0B5A9B001B66AE /* Products */;
			projectDirPath = "";
			projectRoot = "";
			targets = (
				80B3289F1E0B5A9B001B66AE /* Doit */,
			);
		};
/* End PBXProject section */

/* Begin PBXResourcesBuildPhase section */
		80B3289E1E0B5A9B001B66AE /* Resources */ = {
			isa = PBXResourcesBuildPhase;
			buildActionMask = 2147483647;
			files = (
				80B328B11E0B5A9B001B66AE /* LaunchScreen.storyboard in Resources */,
				80B328AE1E0B5A9B001B66AE /* Assets.xcassets in Resources */,
				80B328A91E0B5A9B001B66AE /* Main.storyboard in Resources */,
			);
			runOnlyForDeploymentPostprocessing = 0;
		};
/* End PBXResourcesBuildPhase section */

/* Begin PBXSourcesBuildPhase section */
		80B3289C1E0B5A9B001B66AE /* Sources */ = {
			isa = PBXSourcesBuildPhase;
			buildActionMask = 2147483647;
			files = (
				808E8D7C1E171C75000C1AA6 /* task.swift in Sources */,
				80B328A61E0B5A9B001B66AE /* ViewController.swift in Sources */,
				80B328A41E0B5A9B001B66AE /* AppDelegate.swift in Sources */,
				80B328AC1E0B5A9B001B66AE /* Doit.xcdatamodeld in Sources */,
				808E8D7E1E172D65000C1AA6 /* CreateTaskViewController.swift in Sources */,
			);
			runOnlyForDeploymentPostprocessing = 0;
		};
/* End PBXSourcesBuildPhase section */

/* Begin PBXVariantGroup section */
		80B328A71E0B5A9B001B66AE /* Main.storyboard */ = {
			isa = PBXVariantGroup;
			children = (
				80B328A81E0B5A9B001B66AE /* Base */,
			);
			name = Main.storyboard;
			sourceTree = "<group>";
		};
		80B328AF1E0B5A9B001B66AE /* LaunchScreen.storyboard */ = {
			isa = PBXVariantGroup;
			children = (
				80B328B01E0B5A9B001B66AE /* Base */,
			);
			name = LaunchScreen.storyboard;
			sourceTree = "<group>";
		};
/* End PBXVariantGroup section */

/* Begin XCBuildConfiguration section */
		80B328B31E0B5A9B001B66AE /* Debug */ = {
			isa = XCBuildConfiguration;
			buildSettings = {
				ALWAYS_SEARCH_USER_PATHS = NO;
				CLANG_ANALYZER_NONNULL = YES;
				CLANG_CXX_LANGUAGE_STANDARD = "gnu++0x";
				CLANG_CXX_LIBRARY = "libc++";
				CLANG_ENABLE_MODULES = YES;
				CLANG_ENABLE_OBJC_ARC = YES;
				CLANG_WARN_BOOL_CONVERSION = YES;
				CLANG_WARN_CONSTANT_CONVERSION = YES;
				CLANG_WARN_DIRECT_OBJC_ISA_USAGE = YES_ERROR;
				CLANG_WARN_DOCUMENTATION_COMMENTS = YES;
				CLANG_WARN_EMPTY_BODY = YES;
				CLANG_WARN_ENUM_CONVERSION = YES;
				CLANG_WARN_INFINITE_RECURSION = YES;
				CLANG_WARN_INT_CONVERSION = YES;
				CLANG_WARN_OBJC_ROOT_CLASS = YES_ERROR;
				CLANG_WARN_SUSPICIOUS_MOVES = YES;
				CLANG_WARN_UNREACHABLE_CODE = YES;
				CLANG_WARN__DUPLICATE_METHOD_MATCH = YES;
				"CODE_SIGN_IDENTITY[sdk=iphoneos*]" = "iPhone Developer";
				COPY_PHASE_STRIP = NO;
				DEBUG_INFORMATION_FORMAT = dwarf;
				ENABLE_STRICT_OBJC_MSGSEND = YES;
				ENABLE_TESTABILITY = YES;
				GCC_C_LANGUAGE_STANDARD = gnu99;
				GCC_DYNAMIC_NO_PIC = NO;
				GCC_NO_COMMON_BLOCKS = YES;
				GCC_OPTIMIZATION_LEVEL = 0;
				GCC_PREPROCESSOR_DEFINITIONS = (
					"DEBUG=1",
					"$(inherited)",
				);
				GCC_WARN_64_TO_32_BIT_CONVERSION = YES;
				GCC_WARN_ABOUT_RETURN_TYPE = YES_ERROR;
				GCC_WARN_UNDECLARED_SELECTOR = YES;
				GCC_WARN_UNINITIALIZED_AUTOS = YES_AGGRESSIVE;
				GCC_WARN_UNUSED_FUNCTION = YES;
				GCC_WARN_UNUSED_VARIABLE = YES;
				IPHONEOS_DEPLOYMENT_TARGET = 10.1;
				MTL_ENABLE_DEBUG_INFO = YES;
				ONLY_ACTIVE_ARCH = YES;
				SDKROOT = iphoneos;
				SWIFT_ACTIVE_COMPILATION_CONDITIONS = DEBUG;
				SWIFT_OPTIMIZATION_LEVEL = "-Onone";
				TARGETED_DEVICE_FAMILY = "1,2";
			};
			name = Debug;
		};
		80B328B41E0B5A9B001B66AE /* Release */ = {
			isa = XCBuildConfiguration;
			buildSettings = {
				ALWAYS_SEARCH_USER_PATHS = NO;
				CLANG_ANALYZER_NONNULL = YES;
				CLANG_CXX_LANGUAGE_STANDARD = "gnu++0x";
				CLANG_CXX_LIBRARY = "libc++";
				CLANG_ENABLE_MODULES = YES;
				CLANG_ENABLE_OBJC_ARC = YES;
				CLANG_WARN_BOOL_CONVERSION = YES;
				CLANG_WARN_CONSTANT_CONVERSION = YES;
				CLANG_WARN_DIRECT_OBJC_ISA_USAGE = YES_ERROR;
				CLANG_WARN_DOCUMENTATION_COMMENTS = YES;
				CLANG_WARN_EMPTY_BODY = YES;
				CLANG_WARN_ENUM_CONVERSION = YES;
				CLANG_WARN_INFINITE_RECURSION = YES;
				CLANG_WARN_INT_CONVERSION = YES;
				CLANG_WARN_OBJC_ROOT_CLASS = YES_ERROR;
				CLANG_WARN_SUSPICIOUS_MOVES = YES;
				CLANG_WARN_UNREACHABLE_CODE = YES;
				CLANG_WARN__DUPLICATE_METHOD_MATCH = YES;
				"CODE_SIGN_IDENTITY[sdk=iphoneos*]" = "iPhone Developer";
				COPY_PHASE_STRIP = NO;
				DEBUG_INFORMATION_FORMAT = "dwarf-with-dsym";
				ENABLE_NS_ASSERTIONS = NO;
				ENABLE_STRICT_OBJC_MSGSEND = YES;
				GCC_C_LANGUAGE_STANDARD = gnu99;
				GCC_NO_COMMON_BLOCKS = YES;
				GCC_WARN_64_TO_32_BIT_CONVERSION = YES;
				GCC_WARN_ABOUT_RETURN_TYPE = YES_ERROR;
				GCC_WARN_UNDECLARED_SELECTOR = YES;
				GCC_WARN_UNINITIALIZED_AUTOS = YES_AGGRESSIVE;
				GCC_WARN_UNUSED_FUNCTION = YES;
				GCC_WARN_UNUSED_VARIABLE = YES;
				IPHONEOS_DEPLOYMENT_TARGET = 10.1;
				MTL_ENABLE_DEBUG_INFO = NO;
				SDKROOT = iphoneos;
				SWIFT_OPTIMIZATION_LEVEL = "-Owholemodule";
				TARGETED_DEVICE_FAMILY = "1,2";
				VALIDATE_PRODUCT = YES;
			};
			name = Release;
		};
		80B328B61E0B5A9B001B66AE /* Debug */ = {
			isa = XCBuildConfiguration;
			buildSettings = {
				ASSETCATALOG_COMPILER_APPICON_NAME = AppIcon;
				INFOPLIST_FILE = Doit/Info.plist;
				LD_RUNPATH_SEARCH_PATHS = "$(inherited) @executable_path/Frameworks";
				PRODUCT_BUNDLE_IDENTIFIER = com.mkmk.Doit;
				PRODUCT_NAME = "$(TARGET_NAME)";
				SWIFT_VERSION = 3.0;
			};
			name = Debug;
		};
		80B328B71E0B5A9B001B66AE /* Release */ = {
			isa = XCBuildConfiguration;
			buildSettings = {
				ASSETCATALOG_COMPILER_APPICON_NAME = AppIcon;
				INFOPLIST_FILE = Doit/Info.plist;
				LD_RUNPATH_SEARCH_PATHS = "$(inherited) @executable_path/Frameworks";
				PRODUCT_BUNDLE_IDENTIFIER = com.mkmk.Doit;
				PRODUCT_NAME = "$(TARGET_NAME)";
				SWIFT_VERSION = 3.0;
			};
			name = Release;
		};
/* End XCBuildConfiguration section */

/* Begin XCConfigurationList section */
		80B3289B1E0B5A9B001B66AE /* Build configuration list for PBXProject "Doit" */ = {
			isa = XCConfigurationList;
			buildConfigurations = (
				80B328B31E0B5A9B001B66AE /* Debug */,
				80B328B41E0B5A9B001B66AE /* Release */,
			);
			defaultConfigurationIsVisible = 0;
			defaultConfigurationName = Release;
		};
		80B328B51E0B5A9B001B66AE /* Build configuration list for PBXNativeTarget "Doit" */ = {
			isa = XCConfigurationList;
			buildConfigurations = (
				80B328B61E0B5A9B001B66AE /* Debug */,
				80B328B71E0B5A9B001B66AE /* Release */,
			);
			defaultConfigurationIsVisible = 0;
			defaultConfigurationName = Release;
		};
/* End XCConfigurationList section */

/* Begin XCVersionGroup section */
		80B328AA1E0B5A9B001B66AE /* Doit.xcdatamodeld */ = {
			isa = XCVersionGroup;
			children = (
				80B328AB1E0B5A9B001B66AE /* Doit.xcdatamodel */,
			);
			currentVersion = 80B328AB1E0B5A9B001B66AE /* Doit.xcdatamodel */;
			path = Doit.xcdatamodeld;
			sourceTree = "<group>";
			versionGroupType = wrapper.xcdatamodel;
		};
/* End XCVersionGroup section */
	};
	rootObject = 80B328981E0B5A9B001B66AE /* Project object */;
}
